
Microsoft Visual Studio Solution File, Format Version 10.00
# Visual Studio 2008
Project("{FAE04EC0-301F-11D3-BF4B-00C04F79EFBC}") = "Esquel.GEK.QI.PickRepair", "Esquel.GEK.QI.PickRepair.csproj", "{6218F3EF-135A-4B90-8776-1F3AA7FD8B01}"
EndProject
Global
	GlobalSection(SolutionConfigurationPlatforms) = preSolution
		Debug|Any CPU = Debug|Any CPU
		Release|Any CPU = Release|Any CPU
	EndGlobalSection
	GlobalSection(ProjectConfigurationPlatforms) = postSolution
		{6218F3EF-135A-4B90-8776-1F3AA7FD8B01}.Debug|Any CPU.ActiveCfg = Debug|Any CPU
		{6218F3EF-135A-4B90-8776-1F3AA7FD8B01}.Debug|Any CPU.Build.0 = Debug|Any CPU
		{6218F3EF-135A-4B90-8776-1F3AA7FD8B01}.Release|Any CPU.ActiveCfg = Release|Any CPU
		{6218F3EF-135A-4B90-8776-1F3AA7FD8B01}.Release|Any CPU.Build.0 = Release|Any CPU
	EndGlobalSection
	GlobalSection(SolutionProperties) = preSolution
		HideSolutionNode = FALSE
	EndGlobalSection
EndGlobal
