
Microsoft Visual Studio Solution File, Format Version 12.00
# Visual Studio 2013
VisualStudioVersion = 12.0.30723.0
MinimumVisualStudioVersion = 10.0.40219.1
Project("{FAE04EC0-301F-11D3-BF4B-00C04F79EFBC}") = "Esquel.GEK.FI.PDA", "Esquel.GEK.FI.PDA.csproj", "{62CED1B3-067C-47F0-8B00-5E7CC9A43BE4}"
EndProject
Global
	GlobalSection(SourceCodeControl) = preSolution
		SccNumberOfProjects = 2
		SccLocalPath0 = .
		SccProjectUniqueName1 = Esquel.GEK.FI.PDA.csproj
		SccLocalPath1 = .
	EndGlobalSection
	GlobalSection(SolutionConfigurationPlatforms) = preSolution
		Debug|Any CPU = Debug|Any CPU
		Release|Any CPU = Release|Any CPU
	EndGlobalSection
	GlobalSection(ProjectConfigurationPlatforms) = postSolution
		{62CED1B3-067C-47F0-8B00-5E7CC9A43BE4}.Debug|Any CPU.ActiveCfg = Debug|Any CPU
		{62CED1B3-067C-47F0-8B00-5E7CC9A43BE4}.Debug|Any CPU.Build.0 = Debug|Any CPU
		{62CED1B3-067C-47F0-8B00-5E7CC9A43BE4}.Release|Any CPU.ActiveCfg = Release|Any CPU
		{62CED1B3-067C-47F0-8B00-5E7CC9A43BE4}.Release|Any CPU.Build.0 = Release|Any CPU
	EndGlobalSection
	GlobalSection(SolutionProperties) = preSolution
		HideSolutionNode = FALSE
	EndGlobalSection
EndGlobal
